
Microsoft Visual Studio Solution File, Format Version 12.00
# Visual Studio Version 17
VisualStudioVersion = 17.5.33502.453
MinimumVisualStudioVersion = 10.0.40219.1
Project("{9A19103F-16F7-4668-BE54-9A1E7A4F7556}") = "Relocation and booking services", "Relocation and booking services\Relocation and booking services.csproj", "{BE87840A-45D4-422B-9D14-7685C834FF21}"
EndProject
Project("{FAE04EC0-301F-11D3-BF4B-00C04F79EFBC}") = "Core", "Core\Core.csproj", "{1AC890AD-932F-4ED6-83EE-8323B53D6819}"
EndProject
Project("{FAE04EC0-301F-11D3-BF4B-00C04F79EFBC}") = "Datalayer", "Datalayer\Datalayer.csproj", "{D58D4753-5CE6-4030-A6BB-84BDDB9442DD}"
EndProject
Global
	GlobalSection(SolutionConfigurationPlatforms) = preSolution
		Debug|Any CPU = Debug|Any CPU
		Release|Any CPU = Release|Any CPU
	EndGlobalSection
	GlobalSection(ProjectConfigurationPlatforms) = postSolution
		{BE87840A-45D4-422B-9D14-7685C834FF21}.Debug|Any CPU.ActiveCfg = Debug|Any CPU
		{BE87840A-45D4-422B-9D14-7685C834FF21}.Debug|Any CPU.Build.0 = Debug|Any CPU
		{BE87840A-45D4-422B-9D14-7685C834FF21}.Release|Any CPU.ActiveCfg = Release|Any CPU
		{BE87840A-45D4-422B-9D14-7685C834FF21}.Release|Any CPU.Build.0 = Release|Any CPU
		{1AC890AD-932F-4ED6-83EE-8323B53D6819}.Debug|Any CPU.ActiveCfg = Debug|Any CPU
		{1AC890AD-932F-4ED6-83EE-8323B53D6819}.Debug|Any CPU.Build.0 = Debug|Any CPU
		{1AC890AD-932F-4ED6-83EE-8323B53D6819}.Release|Any CPU.ActiveCfg = Release|Any CPU
		{1AC890AD-932F-4ED6-83EE-8323B53D6819}.Release|Any CPU.Build.0 = Release|Any CPU
		{D58D4753-5CE6-4030-A6BB-84BDDB9442DD}.Debug|Any CPU.ActiveCfg = Debug|Any CPU
		{D58D4753-5CE6-4030-A6BB-84BDDB9442DD}.Debug|Any CPU.Build.0 = Debug|Any CPU
		{D58D4753-5CE6-4030-A6BB-84BDDB9442DD}.Release|Any CPU.ActiveCfg = Release|Any CPU
		{D58D4753-5CE6-4030-A6BB-84BDDB9442DD}.Release|Any CPU.Build.0 = Release|Any CPU
	EndGlobalSection
	GlobalSection(SolutionProperties) = preSolution
		HideSolutionNode = FALSE
	EndGlobalSection
	GlobalSection(ExtensibilityGlobals) = postSolution
		SolutionGuid = {66C50A28-C34F-40B1-94A2-3AFD571090A3}
	EndGlobalSection
EndGlobal
